# THIS IS AN AUTOGENERATED FILE. DO NOT EDIT THIS FILE DIRECTLY.
# yarn lockfile v1


bs-platform@^2.2.2:
  version "2.2.2"
  resolved "https://registry.yarnpkg.com/bs-platform/-/bs-platform-2.2.2.tgz#95ff37719771bbf310e8376fedd1148865c0da19"

bs-react-native@^0.5.0:
  version "0.5.0"
  resolved "https://registry.yarnpkg.com/bs-react-native/-/bs-react-native-0.5.0.tgz#f3b147905009fe45edb302cd13d969bb3f52d9aa"

react-native-typography@^1.3.0:
  version "1.3.0"
  resolved "https://registry.yarnpkg.com/react-native-typography/-/react-native-typography-1.3.0.tgz#ae921c141ab1dfdf4335ebc2b4a146bcf7919b36"
